
Microsoft Visual Studio Solution File, Format Version 12.00
# Visual Studio Version 17
VisualStudioVersion = 17.14.36301.6
MinimumVisualStudioVersion = 10.0.40219.1
Project("{FAE04EC0-301F-11D3-BF4B-00C04F79EFBC}") = "BulkyBookWeb", "BulkyWeb\BulkyBookWeb.csproj", "{D01CEC2F-43E5-4F5A-9B16-F5A08AE4E5F3}"
EndProject
Project("{FAE04EC0-301F-11D3-BF4B-00C04F79EFBC}") = "BulkyBook.DataAccess", "Bulky.DataAccess\BulkyBook.DataAccess.csproj", "{B1E7B827-F1DD-4BF1-AB8C-0A5F4EA35BFE}"
EndProject
Project("{FAE04EC0-301F-11D3-BF4B-00C04F79EFBC}") = "BulkyBook.Models", "Bulky.Models\BulkyBook.Models.csproj", "{5B94C638-5F03-41DB-BC41-F3E1DDF97C9D}"
EndProject
Project("{FAE04EC0-301F-11D3-BF4B-00C04F79EFBC}") = "BulkyBook.Utility", "Bulky.Utility\BulkyBook.Utility.csproj", "{1C35C9D3-02DB-4618-8A02-5651235FD812}"
EndProject
Global
	GlobalSection(SolutionConfigurationPlatforms) = preSolution
		Debug|Any CPU = Debug|Any CPU
		Release|Any CPU = Release|Any CPU
	EndGlobalSection
	GlobalSection(ProjectConfigurationPlatforms) = postSolution
		{D01CEC2F-43E5-4F5A-9B16-F5A08AE4E5F3}.Debug|Any CPU.ActiveCfg = Debug|Any CPU
		{D01CEC2F-43E5-4F5A-9B16-F5A08AE4E5F3}.Debug|Any CPU.Build.0 = Debug|Any CPU
		{D01CEC2F-43E5-4F5A-9B16-F5A08AE4E5F3}.Release|Any CPU.ActiveCfg = Release|Any CPU
		{D01CEC2F-43E5-4F5A-9B16-F5A08AE4E5F3}.Release|Any CPU.Build.0 = Release|Any CPU
		{B1E7B827-F1DD-4BF1-AB8C-0A5F4EA35BFE}.Debug|Any CPU.ActiveCfg = Debug|Any CPU
		{B1E7B827-F1DD-4BF1-AB8C-0A5F4EA35BFE}.Debug|Any CPU.Build.0 = Debug|Any CPU
		{B1E7B827-F1DD-4BF1-AB8C-0A5F4EA35BFE}.Release|Any CPU.ActiveCfg = Release|Any CPU
		{B1E7B827-F1DD-4BF1-AB8C-0A5F4EA35BFE}.Release|Any CPU.Build.0 = Release|Any CPU
		{5B94C638-5F03-41DB-BC41-F3E1DDF97C9D}.Debug|Any CPU.ActiveCfg = Debug|Any CPU
		{5B94C638-5F03-41DB-BC41-F3E1DDF97C9D}.Debug|Any CPU.Build.0 = Debug|Any CPU
		{5B94C638-5F03-41DB-BC41-F3E1DDF97C9D}.Release|Any CPU.ActiveCfg = Release|Any CPU
		{5B94C638-5F03-41DB-BC41-F3E1DDF97C9D}.Release|Any CPU.Build.0 = Release|Any CPU
		{1C35C9D3-02DB-4618-8A02-5651235FD812}.Debug|Any CPU.ActiveCfg = Debug|Any CPU
		{1C35C9D3-02DB-4618-8A02-5651235FD812}.Debug|Any CPU.Build.0 = Debug|Any CPU
		{1C35C9D3-02DB-4618-8A02-5651235FD812}.Release|Any CPU.ActiveCfg = Release|Any CPU
		{1C35C9D3-02DB-4618-8A02-5651235FD812}.Release|Any CPU.Build.0 = Release|Any CPU
	EndGlobalSection
	GlobalSection(SolutionProperties) = preSolution
		HideSolutionNode = FALSE
	EndGlobalSection
	GlobalSection(ExtensibilityGlobals) = postSolution
		SolutionGuid = {EE5A1DE3-04EC-4FC7-8DC3-11DEB354F64E}
	EndGlobalSection
EndGlobal
