
Microsoft Visual Studio Solution File, Format Version 12.00
# Visual Studio Version 17
VisualStudioVersion = 17.14.36301.6 d17.14
MinimumVisualStudioVersion = 10.0.40219.1
Project("{FAE04EC0-301F-11D3-BF4B-00C04F79EFBC}") = "BulkyWeb", "BulkyWeb\BulkyWeb.csproj", "{D01CEC2F-43E5-4F5A-9B16-F5A08AE4E5F3}"
EndProject
Global
	GlobalSection(SolutionConfigurationPlatforms) = preSolution
		Debug|Any CPU = Debug|Any CPU
		Release|Any CPU = Release|Any CPU
	EndGlobalSection
	GlobalSection(ProjectConfigurationPlatforms) = postSolution
		{D01CEC2F-43E5-4F5A-9B16-F5A08AE4E5F3}.Debug|Any CPU.ActiveCfg = Debug|Any CPU
		{D01CEC2F-43E5-4F5A-9B16-F5A08AE4E5F3}.Debug|Any CPU.Build.0 = Debug|Any CPU
		{D01CEC2F-43E5-4F5A-9B16-F5A08AE4E5F3}.Release|Any CPU.ActiveCfg = Release|Any CPU
		{D01CEC2F-43E5-4F5A-9B16-F5A08AE4E5F3}.Release|Any CPU.Build.0 = Release|Any CPU
	EndGlobalSection
	GlobalSection(SolutionProperties) = preSolution
		HideSolutionNode = FALSE
	EndGlobalSection
	GlobalSection(ExtensibilityGlobals) = postSolution
		SolutionGuid = {EE5A1DE3-04EC-4FC7-8DC3-11DEB354F64E}
	EndGlobalSection
EndGlobal
